// !$*UTF8*$!
{
	archiveVersion = 1;
	classes = {
	};
	objectVersion = 46;
	objects = {

/* Begin PBXBuildFile section */
		F36229511A1150DF0070B125 /* CoreLocation.framework in Frameworks */ = {isa = PBXBuildFile; fileRef = F36229501A1150DF0070B125 /* CoreLocation.framework */; };
		F36229551A1170D90070B125 /* Images.xcassets in Resources */ = {isa = PBXBuildFile; fileRef = F36229541A1170D90070B125 /* Images.xcassets */; };
		F3910AC21A03B3AA00F96D97 /* AppDelegate.swift in Sources */ = {isa = PBXBuildFile; fileRef = F3910AC11A03B3AA00F96D97 /* AppDelegate.swift */; };
		F3910AC41A03B3AA00F96D97 /* ViewController.swift in Sources */ = {isa = PBXBuildFile; fileRef = F3910AC31A03B3AA00F96D97 /* ViewController.swift */; };
		F3910AC71A03B3AA00F96D97 /* Main.storyboard in Resources */ = {isa = PBXBuildFile; fileRef = F3910AC51A03B3AA00F96D97 /* Main.storyboard */; };
/* End PBXBuildFile section */

/* Begin PBXFileReference section */
		F36229501A1150DF0070B125 /* CoreLocation.framework */ = {isa = PBXFileReference; lastKnownFileType = wrapper.framework; name = CoreLocation.framework; path = System/Library/Frameworks/CoreLocation.framework; sourceTree = SDKROOT; };
		F36229541A1170D90070B125 /* Images.xcassets */ = {isa = PBXFileReference; lastKnownFileType = folder.assetcatalog; path = Images.xcassets; sourceTree = "<group>"; };
		F3910ABC1A03B3AA00F96D97 /* DoorLock.app */ = {isa = PBXFileReference; explicitFileType = wrapper.application; includeInIndex = 0; path = DoorLock.app; sourceTree = BUILT_PRODUCTS_DIR; };
		F3910AC01A03B3AA00F96D97 /* Info.plist */ = {isa = PBXFileReference; lastKnownFileType = text.plist.xml; path = Info.plist; sourceTree = "<group>"; };
		F3910AC11A03B3AA00F96D97 /* AppDelegate.swift */ = {isa = PBXFileReference; lastKnownFileType = sourcecode.swift; path = AppDelegate.swift; sourceTree = "<group>"; };
		F3910AC31A03B3AA00F96D97 /* ViewController.swift */ = {isa = PBXFileReference; lastKnownFileType = sourcecode.swift; path = ViewController.swift; sourceTree = "<group>"; };
		F3910AC61A03B3AA00F96D97 /* Base */ = {isa = PBXFileReference; lastKnownFileType = file.storyboard; name = Base; path = Base.lproj/Main.storyboard; sourceTree = "<group>"; };
		F3A88B081A03EB4300C58CE0 /* DoorLock-Bridging-Header.h */ = {isa = PBXFileReference; fileEncoding = 4; lastKnownFileType = sourcecode.c.h; path = "DoorLock-Bridging-Header.h"; sourceTree = "<group>"; };
/* End PBXFileReference section */

/* Begin PBXFrameworksBuildPhase section */
		F3910AB91A03B3AA00F96D97 /* Frameworks */ = {
			isa = PBXFrameworksBuildPhase;
			buildActionMask = 2147483647;
			files = (
				F36229511A1150DF0070B125 /* CoreLocation.framework in Frameworks */,
			);
			runOnlyForDeploymentPostprocessing = 0;
		};
/* End PBXFrameworksBuildPhase section */

/* Begin PBXGroup section */
		F3910AB31A03B3AA00F96D97 = {
			isa = PBXGroup;
			children = (
				F3910ABE1A03B3AA00F96D97 /* DoorLock */,
				F36229501A1150DF0070B125 /* CoreLocation.framework */,
				F3910ABD1A03B3AA00F96D97 /* Products */,
			);
			sourceTree = "<group>";
		};
		F3910ABD1A03B3AA00F96D97 /* Products */ = {
			isa = PBXGroup;
			children = (
				F3910ABC1A03B3AA00F96D97 /* DoorLock.app */,
			);
			name = Products;
			sourceTree = "<group>";
		};
		F3910ABE1A03B3AA00F96D97 /* DoorLock */ = {
			isa = PBXGroup;
			children = (
				F3910AC11A03B3AA00F96D97 /* AppDelegate.swift */,
				F3910AC31A03B3AA00F96D97 /* ViewController.swift */,
				F3910AC51A03B3AA00F96D97 /* Main.storyboard */,
				F3A88B081A03EB4300C58CE0 /* DoorLock-Bridging-Header.h */,
				F36229541A1170D90070B125 /* Images.xcassets */,
				F3910ABF1A03B3AA00F96D97 /* Supporting Files */,
			);
			path = DoorLock;
			sourceTree = "<group>";
		};
		F3910ABF1A03B3AA00F96D97 /* Supporting Files */ = {
			isa = PBXGroup;
			children = (
				F3910AC01A03B3AA00F96D97 /* Info.plist */,
			);
			name = "Supporting Files";
			sourceTree = "<group>";
		};
/* End PBXGroup section */

/* Begin PBXNativeTarget section */
		F3910ABB1A03B3AA00F96D97 /* DoorLock */ = {
			isa = PBXNativeTarget;
			buildConfigurationList = F3910ADB1A03B3AA00F96D97 /* Build configuration list for PBXNativeTarget "DoorLock" */;
			buildPhases = (
				F3910AB81A03B3AA00F96D97 /* Sources */,
				F3910AB91A03B3AA00F96D97 /* Frameworks */,
				F3910ABA1A03B3AA00F96D97 /* Resources */,
			);
			buildRules = (
			);
			dependencies = (
			);
			name = DoorLock;
			productName = DoorLock;
			productReference = F3910ABC1A03B3AA00F96D97 /* DoorLock.app */;
			productType = "com.apple.product-type.application";
		};
/* End PBXNativeTarget section */

/* Begin PBXProject section */
		F3910AB41A03B3AA00F96D97 /* Project object */ = {
			isa = PBXProject;
			attributes = {
				LastUpgradeCheck = 0610;
				ORGANIZATIONNAME = "Interactive Lab";
				TargetAttributes = {
					F3910ABB1A03B3AA00F96D97 = {
						CreatedOnToolsVersion = 6.1;
						DevelopmentTeam = G6HAS4FMP3;
					};
				};
			};
			buildConfigurationList = F3910AB71A03B3AA00F96D97 /* Build configuration list for PBXProject "DoorLock" */;
			compatibilityVersion = "Xcode 3.2";
			developmentRegion = English;
			hasScannedForEncodings = 0;
			knownRegions = (
				en,
				Base,
			);
			mainGroup = F3910AB31A03B3AA00F96D97;
			productRefGroup = F3910ABD1A03B3AA00F96D97 /* Products */;
			projectDirPath = "";
			projectRoot = "";
			targets = (
				F3910ABB1A03B3AA00F96D97 /* DoorLock */,
			);
		};
/* End PBXProject section */

/* Begin PBXResourcesBuildPhase section */
		F3910ABA1A03B3AA00F96D97 /* Resources */ = {
			isa = PBXResourcesBuildPhase;
			buildActionMask = 2147483647;
			files = (
				F3910AC71A03B3AA00F96D97 /* Main.storyboard in Resources */,
				F36229551A1170D90070B125 /* Images.xcassets in Resources */,
			);
			runOnlyForDeploymentPostprocessing = 0;
		};
/* End PBXResourcesBuildPhase section */

/* Begin PBXSourcesBuildPhase section */
		F3910AB81A03B3AA00F96D97 /* Sources */ = {
			isa = PBXSourcesBuildPhase;
			buildActionMask = 2147483647;
			files = (
				F3910AC21A03B3AA00F96D97 /* AppDelegate.swift in Sources */,
				F3910AC41A03B3AA00F96D97 /* ViewController.swift in Sources */,
			);
			runOnlyForDeploymentPostprocessing = 0;
		};
/* End PBXSourcesBuildPhase section */

/* Begin PBXVariantGroup section */
		F3910AC51A03B3AA00F96D97 /* Main.storyboard */ = {
			isa = PBXVariantGroup;
			children = (
				F3910AC61A03B3AA00F96D97 /* Base */,
			);
			name = Main.storyboard;
			sourceTree = "<group>";
		};
/* End PBXVariantGroup section */

/* Begin XCBuildConfiguration section */
		F3910AD91A03B3AA00F96D97 /* Debug */ = {
			isa = XCBuildConfiguration;
			buildSettings = {
				ALWAYS_SEARCH_USER_PATHS = NO;
				CLANG_CXX_LANGUAGE_STANDARD = "gnu++0x";
				CLANG_CXX_LIBRARY = "libc++";
				CLANG_ENABLE_MODULES = YES;
				CLANG_ENABLE_OBJC_ARC = YES;
				CLANG_WARN_BOOL_CONVERSION = YES;
				CLANG_WARN_CONSTANT_CONVERSION = YES;
				CLANG_WARN_DIRECT_OBJC_ISA_USAGE = YES_ERROR;
				CLANG_WARN_EMPTY_BODY = YES;
				CLANG_WARN_ENUM_CONVERSION = YES;
				CLANG_WARN_INT_CONVERSION = YES;
				CLANG_WARN_OBJC_ROOT_CLASS = YES_ERROR;
				CLANG_WARN_UNREACHABLE_CODE = YES;
				CLANG_WARN__DUPLICATE_METHOD_MATCH = YES;
				"CODE_SIGN_IDENTITY[sdk=iphoneos*]" = "iPhone Developer";
				COPY_PHASE_STRIP = NO;
				ENABLE_STRICT_OBJC_MSGSEND = YES;
				GCC_C_LANGUAGE_STANDARD = gnu99;
				GCC_DYNAMIC_NO_PIC = NO;
				GCC_OPTIMIZATION_LEVEL = 0;
				GCC_PREPROCESSOR_DEFINITIONS = (
					"DEBUG=1",
					"$(inherited)",
				);
				GCC_SYMBOLS_PRIVATE_EXTERN = NO;
				GCC_WARN_64_TO_32_BIT_CONVERSION = YES;
				GCC_WARN_ABOUT_RETURN_TYPE = YES_ERROR;
				GCC_WARN_UNDECLARED_SELECTOR = YES;
				GCC_WARN_UNINITIALIZED_AUTOS = YES_AGGRESSIVE;
				GCC_WARN_UNUSED_FUNCTION = YES;
				GCC_WARN_UNUSED_VARIABLE = YES;
				IPHONEOS_DEPLOYMENT_TARGET = 8.1;
				MTL_ENABLE_DEBUG_INFO = YES;
				ONLY_ACTIVE_ARCH = YES;
				SDKROOT = iphoneos;
				SWIFT_OPTIMIZATION_LEVEL = "-Onone";
			};
			name = Debug;
		};
		F3910ADA1A03B3AA00F96D97 /* Release */ = {
			isa = XCBuildConfiguration;
			buildSettings = {
				ALWAYS_SEARCH_USER_PATHS = NO;
				CLANG_CXX_LANGUAGE_STANDARD = "gnu++0x";
				CLANG_CXX_LIBRARY = "libc++";
				CLANG_ENABLE_MODULES = YES;
				CLANG_ENABLE_OBJC_ARC = YES;
				CLANG_WARN_BOOL_CONVERSION = YES;
				CLANG_WARN_CONSTANT_CONVERSION = YES;
				CLANG_WARN_DIRECT_OBJC_ISA_USAGE = YES_ERROR;
				CLANG_WARN_EMPTY_BODY = YES;
				CLANG_WARN_ENUM_CONVERSION = YES;
				CLANG_WARN_INT_CONVERSION = YES;
				CLANG_WARN_OBJC_ROOT_CLASS = YES_ERROR;
				CLANG_WARN_UNREACHABLE_CODE = YES;
				CLANG_WARN__DUPLICATE_METHOD_MATCH = YES;
				"CODE_SIGN_IDENTITY[sdk=iphoneos*]" = "iPhone Developer";
				COPY_PHASE_STRIP = YES;
				ENABLE_NS_ASSERTIONS = NO;
				ENABLE_STRICT_OBJC_MSGSEND = YES;
				GCC_C_LANGUAGE_STANDARD = gnu99;
				GCC_WARN_64_TO_32_BIT_CONVERSION = YES;
				GCC_WARN_ABOUT_RETURN_TYPE = YES_ERROR;
				GCC_WARN_UNDECLARED_SELECTOR = YES;
				GCC_WARN_UNINITIALIZED_AUTOS = YES_AGGRESSIVE;
				GCC_WARN_UNUSED_FUNCTION = YES;
				GCC_WARN_UNUSED_VARIABLE = YES;
				IPHONEOS_DEPLOYMENT_TARGET = 8.1;
				MTL_ENABLE_DEBUG_INFO = NO;
				SDKROOT = iphoneos;
				VALIDATE_PRODUCT = YES;
			};
			name = Release;
		};
		F3910ADC1A03B3AA00F96D97 /* Debug */ = {
			isa = XCBuildConfiguration;
			buildSettings = {
				ASSETCATALOG_COMPILER_APPICON_NAME = AppIcon;
				ASSETCATALOG_COMPILER_LAUNCHIMAGE_NAME = LaunchImage;
				CODE_SIGN_IDENTITY = "iPhone Developer";
				INFOPLIST_FILE = DoorLock/Info.plist;
				IPHONEOS_DEPLOYMENT_TARGET = 8.1;
				LD_RUNPATH_SEARCH_PATHS = "$(inherited) @executable_path/Frameworks";
				LIBRARY_SEARCH_PATHS = "$(inherited)";
				PRODUCT_NAME = "$(TARGET_NAME)";
				SWIFT_OBJC_BRIDGING_HEADER = "DoorLock/DoorLock-Bridging-Header.h";
				TARGETED_DEVICE_FAMILY = 1;
			};
			name = Debug;
		};
		F3910ADD1A03B3AA00F96D97 /* Release */ = {
			isa = XCBuildConfiguration;
			buildSettings = {
				ASSETCATALOG_COMPILER_APPICON_NAME = AppIcon;
				ASSETCATALOG_COMPILER_LAUNCHIMAGE_NAME = LaunchImage;
				CODE_SIGN_IDENTITY = "iPhone Developer";
				INFOPLIST_FILE = DoorLock/Info.plist;
				IPHONEOS_DEPLOYMENT_TARGET = 8.1;
				LD_RUNPATH_SEARCH_PATHS = "$(inherited) @executable_path/Frameworks";
				LIBRARY_SEARCH_PATHS = "$(inherited)";
				PRODUCT_NAME = "$(TARGET_NAME)";
				SWIFT_OBJC_BRIDGING_HEADER = "DoorLock/DoorLock-Bridging-Header.h";
				TARGETED_DEVICE_FAMILY = 1;
			};
			name = Release;
		};
/* End XCBuildConfiguration section */

/* Begin XCConfigurationList section */
		F3910AB71A03B3AA00F96D97 /* Build configuration list for PBXProject "DoorLock" */ = {
			isa = XCConfigurationList;
			buildConfigurations = (
				F3910AD91A03B3AA00F96D97 /* Debug */,
				F3910ADA1A03B3AA00F96D97 /* Release */,
			);
			defaultConfigurationIsVisible = 0;
			defaultConfigurationName = Release;
		};
		F3910ADB1A03B3AA00F96D97 /* Build configuration list for PBXNativeTarget "DoorLock" */ = {
			isa = XCConfigurationList;
			buildConfigurations = (
				F3910ADC1A03B3AA00F96D97 /* Debug */,
				F3910ADD1A03B3AA00F96D97 /* Release */,
			);
			defaultConfigurationIsVisible = 0;
			defaultConfigurationName = Release;
		};
/* End XCConfigurationList section */
	};
	rootObject = F3910AB41A03B3AA00F96D97 /* Project object */;
}
